// !$*UTF8*$!
{
	archiveVersion = 1;
	classes = {
	};
	objectVersion = 50;
	objects = {

/* Begin PBXBuildFile section */
		51621F152746C0230008C4B9 /* HomeTabBarController.swift in Sources */ = {isa = PBXBuildFile; fileRef = 51621F142746C0230008C4B9 /* HomeTabBarController.swift */; };
		51621F172746C04F0008C4B9 /* LoginViewController.swift in Sources */ = {isa = PBXBuildFile; fileRef = 51621F162746C04F0008C4B9 /* LoginViewController.swift */; };
		C6FABAC0274605AD007D47A6 /* AppDelegate.swift in Sources */ = {isa = PBXBuildFile; fileRef = C6FABABF274605AD007D47A6 /* AppDelegate.swift */; };
		C6FABAC2274605AD007D47A6 /* SceneDelegate.swift in Sources */ = {isa = PBXBuildFile; fileRef = C6FABAC1274605AD007D47A6 /* SceneDelegate.swift */; };
		C6FABAC4274605AD007D47A6 /* ViewController.swift in Sources */ = {isa = PBXBuildFile; fileRef = C6FABAC3274605AD007D47A6 /* ViewController.swift */; };
		C6FABACA274605AD007D47A6 /* IAInteractive.xcdatamodeld in Sources */ = {isa = PBXBuildFile; fileRef = C6FABAC8274605AD007D47A6 /* IAInteractive.xcdatamodeld */; };
		C6FABACC274605BB007D47A6 /* Assets.xcassets in Resources */ = {isa = PBXBuildFile; fileRef = C6FABACB274605BB007D47A6 /* Assets.xcassets */; };
		C6FABACF274605BB007D47A6 /* LaunchScreen.storyboard in Resources */ = {isa = PBXBuildFile; fileRef = C6FABACD274605BB007D47A6 /* LaunchScreen.storyboard */; };
		C6FABAE82746A598007D47A6 /* Helpers.swift in Sources */ = {isa = PBXBuildFile; fileRef = C6FABAE72746A598007D47A6 /* Helpers.swift */; };
/* End PBXBuildFile section */

/* Begin PBXFileReference section */
		51621F142746C0230008C4B9 /* HomeTabBarController.swift */ = {isa = PBXFileReference; lastKnownFileType = sourcecode.swift; path = HomeTabBarController.swift; sourceTree = "<group>"; };
		51621F162746C04F0008C4B9 /* LoginViewController.swift */ = {isa = PBXFileReference; lastKnownFileType = sourcecode.swift; path = LoginViewController.swift; sourceTree = "<group>"; };
		C6FABABC274605AD007D47A6 /* IAInteractive.app */ = {isa = PBXFileReference; explicitFileType = wrapper.application; includeInIndex = 0; path = IAInteractive.app; sourceTree = BUILT_PRODUCTS_DIR; };
		C6FABABF274605AD007D47A6 /* AppDelegate.swift */ = {isa = PBXFileReference; lastKnownFileType = sourcecode.swift; path = AppDelegate.swift; sourceTree = "<group>"; };
		C6FABAC1274605AD007D47A6 /* SceneDelegate.swift */ = {isa = PBXFileReference; lastKnownFileType = sourcecode.swift; path = SceneDelegate.swift; sourceTree = "<group>"; };
		C6FABAC3274605AD007D47A6 /* ViewController.swift */ = {isa = PBXFileReference; lastKnownFileType = sourcecode.swift; path = ViewController.swift; sourceTree = "<group>"; };
		C6FABAC9274605AD007D47A6 /* IAInteractive.xcdatamodel */ = {isa = PBXFileReference; lastKnownFileType = wrapper.xcdatamodel; path = IAInteractive.xcdatamodel; sourceTree = "<group>"; };
		C6FABACB274605BB007D47A6 /* Assets.xcassets */ = {isa = PBXFileReference; lastKnownFileType = folder.assetcatalog; path = Assets.xcassets; sourceTree = "<group>"; };
		C6FABACE274605BB007D47A6 /* Base */ = {isa = PBXFileReference; lastKnownFileType = file.storyboard; name = Base; path = Base.lproj/LaunchScreen.storyboard; sourceTree = "<group>"; };
		C6FABAD0274605BB007D47A6 /* Info.plist */ = {isa = PBXFileReference; lastKnownFileType = text.plist.xml; path = Info.plist; sourceTree = "<group>"; };
		C6FABAE72746A598007D47A6 /* Helpers.swift */ = {isa = PBXFileReference; lastKnownFileType = sourcecode.swift; path = Helpers.swift; sourceTree = "<group>"; };
/* End PBXFileReference section */

/* Begin PBXFrameworksBuildPhase section */
		C6FABAB9274605AD007D47A6 /* Frameworks */ = {
			isa = PBXFrameworksBuildPhase;
			buildActionMask = 2147483647;
			files = (
			);
			runOnlyForDeploymentPostprocessing = 0;
		};
/* End PBXFrameworksBuildPhase section */

/* Begin PBXGroup section */
		C6FABAB3274605AD007D47A6 = {
			isa = PBXGroup;
			children = (
				C6FABABE274605AD007D47A6 /* IAInteractive */,
				C6FABABD274605AD007D47A6 /* Products */,
			);
			sourceTree = "<group>";
		};
		C6FABABD274605AD007D47A6 /* Products */ = {
			isa = PBXGroup;
			children = (
				C6FABABC274605AD007D47A6 /* IAInteractive.app */,
			);
			name = Products;
			sourceTree = "<group>";
		};
		C6FABABE274605AD007D47A6 /* IAInteractive */ = {
			isa = PBXGroup;
			children = (
				C6FABAE22746A4E1007D47A6 /* SupportingFiles */,
				C6FABAE12746A4DB007D47A6 /* App */,
				C6FABADF2746A4D3007D47A6 /* Resources */,
				C6FABADE2746A4CB007D47A6 /* Delegates */,
				C6FABAC8274605AD007D47A6 /* IAInteractive.xcdatamodeld */,
			);
			path = IAInteractive;
			sourceTree = "<group>";
		};
		C6FABADE2746A4CB007D47A6 /* Delegates */ = {
			isa = PBXGroup;
			children = (
				C6FABAC1274605AD007D47A6 /* SceneDelegate.swift */,
				C6FABABF274605AD007D47A6 /* AppDelegate.swift */,
			);
			path = Delegates;
			sourceTree = "<group>";
		};
		C6FABADF2746A4D3007D47A6 /* Resources */ = {
			isa = PBXGroup;
			children = (
				C6FABAE72746A598007D47A6 /* Helpers.swift */,
			);
			path = Resources;
			sourceTree = "<group>";
		};
		C6FABAE12746A4DB007D47A6 /* App */ = {
			isa = PBXGroup;
			children = (
				C6FABAC3274605AD007D47A6 /* ViewController.swift */,
				51621F142746C0230008C4B9 /* HomeTabBarController.swift */,
				51621F162746C04F0008C4B9 /* LoginViewController.swift */,
			);
			path = App;
			sourceTree = "<group>";
		};
		C6FABAE22746A4E1007D47A6 /* SupportingFiles */ = {
			isa = PBXGroup;
			children = (
				C6FABAD0274605BB007D47A6 /* Info.plist */,
				C6FABACD274605BB007D47A6 /* LaunchScreen.storyboard */,
				C6FABACB274605BB007D47A6 /* Assets.xcassets */,
			);
			path = SupportingFiles;
			sourceTree = "<group>";
		};
/* End PBXGroup section */

/* Begin PBXNativeTarget section */
		C6FABABB274605AD007D47A6 /* IAInteractive */ = {
			isa = PBXNativeTarget;
			buildConfigurationList = C6FABAD3274605BB007D47A6 /* Build configuration list for PBXNativeTarget "IAInteractive" */;
			buildPhases = (
				C6FABAB8274605AD007D47A6 /* Sources */,
				C6FABAB9274605AD007D47A6 /* Frameworks */,
				C6FABABA274605AD007D47A6 /* Resources */,
			);
			buildRules = (
			);
			dependencies = (
			);
			name = IAInteractive;
			productName = IAInteractive;
			productReference = C6FABABC274605AD007D47A6 /* IAInteractive.app */;
			productType = "com.apple.product-type.application";
		};
/* End PBXNativeTarget section */

/* Begin PBXProject section */
		C6FABAB4274605AD007D47A6 /* Project object */ = {
			isa = PBXProject;
			attributes = {
				LastSwiftUpdateCheck = 1240;
				LastUpgradeCheck = 1240;
				TargetAttributes = {
					C6FABABB274605AD007D47A6 = {
						CreatedOnToolsVersion = 12.4;
					};
				};
			};
			buildConfigurationList = C6FABAB7274605AD007D47A6 /* Build configuration list for PBXProject "IAInteractive" */;
			compatibilityVersion = "Xcode 9.3";
			developmentRegion = en;
			hasScannedForEncodings = 0;
			knownRegions = (
				en,
				Base,
			);
			mainGroup = C6FABAB3274605AD007D47A6;
			productRefGroup = C6FABABD274605AD007D47A6 /* Products */;
			projectDirPath = "";
			projectRoot = "";
			targets = (
				C6FABABB274605AD007D47A6 /* IAInteractive */,
			);
		};
/* End PBXProject section */

/* Begin PBXResourcesBuildPhase section */
		C6FABABA274605AD007D47A6 /* Resources */ = {
			isa = PBXResourcesBuildPhase;
			buildActionMask = 2147483647;
			files = (
				C6FABACF274605BB007D47A6 /* LaunchScreen.storyboard in Resources */,
				C6FABACC274605BB007D47A6 /* Assets.xcassets in Resources */,
			);
			runOnlyForDeploymentPostprocessing = 0;
		};
/* End PBXResourcesBuildPhase section */

/* Begin PBXSourcesBuildPhase section */
		C6FABAB8274605AD007D47A6 /* Sources */ = {
			isa = PBXSourcesBuildPhase;
			buildActionMask = 2147483647;
			files = (
				51621F172746C04F0008C4B9 /* LoginViewController.swift in Sources */,
				C6FABAC4274605AD007D47A6 /* ViewController.swift in Sources */,
				C6FABAC0274605AD007D47A6 /* AppDelegate.swift in Sources */,
				51621F152746C0230008C4B9 /* HomeTabBarController.swift in Sources */,
				C6FABACA274605AD007D47A6 /* IAInteractive.xcdatamodeld in Sources */,
				C6FABAE82746A598007D47A6 /* Helpers.swift in Sources */,
				C6FABAC2274605AD007D47A6 /* SceneDelegate.swift in Sources */,
			);
			runOnlyForDeploymentPostprocessing = 0;
		};
/* End PBXSourcesBuildPhase section */

/* Begin PBXVariantGroup section */
		C6FABACD274605BB007D47A6 /* LaunchScreen.storyboard */ = {
			isa = PBXVariantGroup;
			children = (
				C6FABACE274605BB007D47A6 /* Base */,
			);
			name = LaunchScreen.storyboard;
			sourceTree = "<group>";
		};
/* End PBXVariantGroup section */

/* Begin XCBuildConfiguration section */
		C6FABAD1274605BB007D47A6 /* Debug */ = {
			isa = XCBuildConfiguration;
			buildSettings = {
				ALWAYS_SEARCH_USER_PATHS = NO;
				CLANG_ANALYZER_NONNULL = YES;
				CLANG_ANALYZER_NUMBER_OBJECT_CONVERSION = YES_AGGRESSIVE;
				CLANG_CXX_LANGUAGE_STANDARD = "gnu++14";
				CLANG_CXX_LIBRARY = "libc++";
				CLANG_ENABLE_MODULES = YES;
				CLANG_ENABLE_OBJC_ARC = YES;
				CLANG_ENABLE_OBJC_WEAK = YES;
				CLANG_WARN_BLOCK_CAPTURE_AUTORELEASING = YES;
				CLANG_WARN_BOOL_CONVERSION = YES;
				CLANG_WARN_COMMA = YES;
				CLANG_WARN_CONSTANT_CONVERSION = YES;
				CLANG_WARN_DEPRECATED_OBJC_IMPLEMENTATIONS = YES;
				CLANG_WARN_DIRECT_OBJC_ISA_USAGE = YES_ERROR;
				CLANG_WARN_DOCUMENTATION_COMMENTS = YES;
				CLANG_WARN_EMPTY_BODY = YES;
				CLANG_WARN_ENUM_CONVERSION = YES;
				CLANG_WARN_INFINITE_RECURSION = YES;
				CLANG_WARN_INT_CONVERSION = YES;
				CLANG_WARN_NON_LITERAL_NULL_CONVERSION = YES;
				CLANG_WARN_OBJC_IMPLICIT_RETAIN_SELF = YES;
				CLANG_WARN_OBJC_LITERAL_CONVERSION = YES;
				CLANG_WARN_OBJC_ROOT_CLASS = YES_ERROR;
				CLANG_WARN_QUOTED_INCLUDE_IN_FRAMEWORK_HEADER = YES;
				CLANG_WARN_RANGE_LOOP_ANALYSIS = YES;
				CLANG_WARN_STRICT_PROTOTYPES = YES;
				CLANG_WARN_SUSPICIOUS_MOVE = YES;
				CLANG_WARN_UNGUARDED_AVAILABILITY = YES_AGGRESSIVE;
				CLANG_WARN_UNREACHABLE_CODE = YES;
				CLANG_WARN__DUPLICATE_METHOD_MATCH = YES;
				COPY_PHASE_STRIP = NO;
				DEBUG_INFORMATION_FORMAT = dwarf;
				ENABLE_STRICT_OBJC_MSGSEND = YES;
				ENABLE_TESTABILITY = YES;
				GCC_C_LANGUAGE_STANDARD = gnu11;
				GCC_DYNAMIC_NO_PIC = NO;
				GCC_NO_COMMON_BLOCKS = YES;
				GCC_OPTIMIZATION_LEVEL = 0;
				GCC_PREPROCESSOR_DEFINITIONS = (
					"DEBUG=1",
					"$(inherited)",
				);
				GCC_WARN_64_TO_32_BIT_CONVERSION = YES;
				GCC_WARN_ABOUT_RETURN_TYPE = YES_ERROR;
				GCC_WARN_UNDECLARED_SELECTOR = YES;
				GCC_WARN_UNINITIALIZED_AUTOS = YES_AGGRESSIVE;
				GCC_WARN_UNUSED_FUNCTION = YES;
				GCC_WARN_UNUSED_VARIABLE = YES;
				IPHONEOS_DEPLOYMENT_TARGET = 14.4;
				MTL_ENABLE_DEBUG_INFO = INCLUDE_SOURCE;
				MTL_FAST_MATH = YES;
				ONLY_ACTIVE_ARCH = YES;
				SDKROOT = iphoneos;
				SWIFT_ACTIVE_COMPILATION_CONDITIONS = DEBUG;
				SWIFT_OPTIMIZATION_LEVEL = "-Onone";
			};
			name = Debug;
		};
		C6FABAD2274605BB007D47A6 /* Release */ = {
			isa = XCBuildConfiguration;
			buildSettings = {
				ALWAYS_SEARCH_USER_PATHS = NO;
				CLANG_ANALYZER_NONNULL = YES;
				CLANG_ANALYZER_NUMBER_OBJECT_CONVERSION = YES_AGGRESSIVE;
				CLANG_CXX_LANGUAGE_STANDARD = "gnu++14";
				CLANG_CXX_LIBRARY = "libc++";
				CLANG_ENABLE_MODULES = YES;
				CLANG_ENABLE_OBJC_ARC = YES;
				CLANG_ENABLE_OBJC_WEAK = YES;
				CLANG_WARN_BLOCK_CAPTURE_AUTORELEASING = YES;
				CLANG_WARN_BOOL_CONVERSION = YES;
				CLANG_WARN_COMMA = YES;
				CLANG_WARN_CONSTANT_CONVERSION = YES;
				CLANG_WARN_DEPRECATED_OBJC_IMPLEMENTATIONS = YES;
				CLANG_WARN_DIRECT_OBJC_ISA_USAGE = YES_ERROR;
				CLANG_WARN_DOCUMENTATION_COMMENTS = YES;
				CLANG_WARN_EMPTY_BODY = YES;
				CLANG_WARN_ENUM_CONVERSION = YES;
				CLANG_WARN_INFINITE_RECURSION = YES;
				CLANG_WARN_INT_CONVERSION = YES;
				CLANG_WARN_NON_LITERAL_NULL_CONVERSION = YES;
				CLANG_WARN_OBJC_IMPLICIT_RETAIN_SELF = YES;
				CLANG_WARN_OBJC_LITERAL_CONVERSION = YES;
				CLANG_WARN_OBJC_ROOT_CLASS = YES_ERROR;
				CLANG_WARN_QUOTED_INCLUDE_IN_FRAMEWORK_HEADER = YES;
				CLANG_WARN_RANGE_LOOP_ANALYSIS = YES;
				CLANG_WARN_STRICT_PROTOTYPES = YES;
				CLANG_WARN_SUSPICIOUS_MOVE = YES;
				CLANG_WARN_UNGUARDED_AVAILABILITY = YES_AGGRESSIVE;
				CLANG_WARN_UNREACHABLE_CODE = YES;
				CLANG_WARN__DUPLICATE_METHOD_MATCH = YES;
				COPY_PHASE_STRIP = NO;
				DEBUG_INFORMATION_FORMAT = "dwarf-with-dsym";
				ENABLE_NS_ASSERTIONS = NO;
				ENABLE_STRICT_OBJC_MSGSEND = YES;
				GCC_C_LANGUAGE_STANDARD = gnu11;
				GCC_NO_COMMON_BLOCKS = YES;
				GCC_WARN_64_TO_32_BIT_CONVERSION = YES;
				GCC_WARN_ABOUT_RETURN_TYPE = YES_ERROR;
				GCC_WARN_UNDECLARED_SELECTOR = YES;
				GCC_WARN_UNINITIALIZED_AUTOS = YES_AGGRESSIVE;
				GCC_WARN_UNUSED_FUNCTION = YES;
				GCC_WARN_UNUSED_VARIABLE = YES;
				IPHONEOS_DEPLOYMENT_TARGET = 14.4;
				MTL_ENABLE_DEBUG_INFO = NO;
				MTL_FAST_MATH = YES;
				SDKROOT = iphoneos;
				SWIFT_COMPILATION_MODE = wholemodule;
				SWIFT_OPTIMIZATION_LEVEL = "-O";
				VALIDATE_PRODUCT = YES;
			};
			name = Release;
		};
		C6FABAD4274605BB007D47A6 /* Debug */ = {
			isa = XCBuildConfiguration;
			buildSettings = {
				ASSETCATALOG_COMPILER_APPICON_NAME = AppIcon;
				ASSETCATALOG_COMPILER_GLOBAL_ACCENT_COLOR_NAME = AccentColor;
				CODE_SIGN_STYLE = Automatic;
				INFOPLIST_FILE = "$(SRCROOT)/IAInteractive/SupportingFiles/Info.plist";
				IPHONEOS_DEPLOYMENT_TARGET = 12.0;
				LD_RUNPATH_SEARCH_PATHS = (
					"$(inherited)",
					"@executable_path/Frameworks",
				);
				PRODUCT_BUNDLE_IDENTIFIER = com.lsegoviano.dev.IAInteractive;
				PRODUCT_NAME = "$(TARGET_NAME)";
				SWIFT_VERSION = 5.0;
				TARGETED_DEVICE_FAMILY = 1;
			};
			name = Debug;
		};
		C6FABAD5274605BB007D47A6 /* Release */ = {
			isa = XCBuildConfiguration;
			buildSettings = {
				ASSETCATALOG_COMPILER_APPICON_NAME = AppIcon;
				ASSETCATALOG_COMPILER_GLOBAL_ACCENT_COLOR_NAME = AccentColor;
				CODE_SIGN_STYLE = Automatic;
				INFOPLIST_FILE = "$(SRCROOT)/IAInteractive/SupportingFiles/Info.plist";
				IPHONEOS_DEPLOYMENT_TARGET = 12.0;
				LD_RUNPATH_SEARCH_PATHS = (
					"$(inherited)",
					"@executable_path/Frameworks",
				);
				PRODUCT_BUNDLE_IDENTIFIER = com.lsegoviano.dev.IAInteractive;
				PRODUCT_NAME = "$(TARGET_NAME)";
				SWIFT_VERSION = 5.0;
				TARGETED_DEVICE_FAMILY = 1;
			};
			name = Release;
		};
/* End XCBuildConfiguration section */

/* Begin XCConfigurationList section */
		C6FABAB7274605AD007D47A6 /* Build configuration list for PBXProject "IAInteractive" */ = {
			isa = XCConfigurationList;
			buildConfigurations = (
				C6FABAD1274605BB007D47A6 /* Debug */,
				C6FABAD2274605BB007D47A6 /* Release */,
			);
			defaultConfigurationIsVisible = 0;
			defaultConfigurationName = Release;
		};
		C6FABAD3274605BB007D47A6 /* Build configuration list for PBXNativeTarget "IAInteractive" */ = {
			isa = XCConfigurationList;
			buildConfigurations = (
				C6FABAD4274605BB007D47A6 /* Debug */,
				C6FABAD5274605BB007D47A6 /* Release */,
			);
			defaultConfigurationIsVisible = 0;
			defaultConfigurationName = Release;
		};
/* End XCConfigurationList section */

/* Begin XCVersionGroup section */
		C6FABAC8274605AD007D47A6 /* IAInteractive.xcdatamodeld */ = {
			isa = XCVersionGroup;
			children = (
				C6FABAC9274605AD007D47A6 /* IAInteractive.xcdatamodel */,
			);
			currentVersion = C6FABAC9274605AD007D47A6 /* IAInteractive.xcdatamodel */;
			path = IAInteractive.xcdatamodeld;
			sourceTree = "<group>";
			versionGroupType = wrapper.xcdatamodel;
		};
/* End XCVersionGroup section */
	};
	rootObject = C6FABAB4274605AD007D47A6 /* Project object */;
}
